
Microsoft Visual Studio Solution File, Format Version 12.00
# Visual Studio Version 17
VisualStudioVersion = 17.13.35931.197 d17.13
MinimumVisualStudioVersion = 10.0.40219.1
Project("{FAE04EC0-301F-11D3-BF4B-00C04F79EFBC}") = "rc-network-tool", "rc-network-tool\rc-network-tool.csproj", "{BD604A5C-7AB4-460F-B403-139FA1FB2D2D}"
EndProject
Global
	GlobalSection(SolutionConfigurationPlatforms) = preSolution
		Debug|Any CPU = Debug|Any CPU
		Release|Any CPU = Release|Any CPU
	EndGlobalSection
	GlobalSection(ProjectConfigurationPlatforms) = postSolution
		{BD604A5C-7AB4-460F-B403-139FA1FB2D2D}.Debug|Any CPU.ActiveCfg = Debug|Any CPU
		{BD604A5C-7AB4-460F-B403-139FA1FB2D2D}.Debug|Any CPU.Build.0 = Debug|Any CPU
		{BD604A5C-7AB4-460F-B403-139FA1FB2D2D}.Release|Any CPU.ActiveCfg = Release|Any CPU
		{BD604A5C-7AB4-460F-B403-139FA1FB2D2D}.Release|Any CPU.Build.0 = Release|Any CPU
	EndGlobalSection
	GlobalSection(SolutionProperties) = preSolution
		HideSolutionNode = FALSE
	EndGlobalSection
	GlobalSection(ExtensibilityGlobals) = postSolution
		SolutionGuid = {7C19FD8B-E592-4EE1-AD6D-7AB5AC1975F8}
	EndGlobalSection
EndGlobal
